
Microsoft Visual Studio Solution File, Format Version 12.00
Project("{FAE04EC0-301F-11D3-BF4B-00C04F79EFBC}") = "EduEatsApi", "EduEatsApi\EduEatsApi.csproj", "{40F345E6-7540-4E81-8AA8-EB71D9D835EC}"
EndProject
Global
	GlobalSection(SolutionConfigurationPlatforms) = preSolution
		Debug|Any CPU = Debug|Any CPU
		Release|Any CPU = Release|Any CPU
	EndGlobalSection
	GlobalSection(ProjectConfigurationPlatforms) = postSolution
		{40F345E6-7540-4E81-8AA8-EB71D9D835EC}.Debug|Any CPU.ActiveCfg = Debug|Any CPU
		{40F345E6-7540-4E81-8AA8-EB71D9D835EC}.Debug|Any CPU.Build.0 = Debug|Any CPU
		{40F345E6-7540-4E81-8AA8-EB71D9D835EC}.Release|Any CPU.ActiveCfg = Release|Any CPU
		{40F345E6-7540-4E81-8AA8-EB71D9D835EC}.Release|Any CPU.Build.0 = Release|Any CPU
	EndGlobalSection
EndGlobal
